
Microsoft Visual Studio Solution File, Format Version 12.00
# Visual Studio 2017
Project("{FAE04EC0-301F-11D3-BF4B-00C04F79EFBC}") = "ChickenHero", "ChickenHero.csproj", "{938D7E1B-B5F5-89C1-20CD-877A4926E26C}"
EndProject
Global
	GlobalSection(SolutionConfigurationPlatforms) = preSolution
		Debug|Any CPU = Debug|Any CPU
		Release|Any CPU = Release|Any CPU
	EndGlobalSection
	GlobalSection(ProjectConfigurationPlatforms) = postSolution
		{938D7E1B-B5F5-89C1-20CD-877A4926E26C}.Debug|Any CPU.ActiveCfg = Debug|Any CPU
		{938D7E1B-B5F5-89C1-20CD-877A4926E26C}.Debug|Any CPU.Build.0 = Debug|Any CPU
		{938D7E1B-B5F5-89C1-20CD-877A4926E26C}.Release|Any CPU.ActiveCfg = Release|Any CPU
		{938D7E1B-B5F5-89C1-20CD-877A4926E26C}.Release|Any CPU.Build.0 = Release|Any CPU
	EndGlobalSection
	GlobalSection(SolutionProperties) = preSolution
		HideSolutionNode = FALSE
	EndGlobalSection
EndGlobal
